github.com/blackjack/webcam v0.0.0-20180715163424-c9c96d5fa89f h1:9ivF3CMSse0WcQHshtF5EigLb/H36nWXOxx/tP+b+Z0=
github.com/blackjack/webcam v0.0.0-20180715163424-c9c96d5fa89f/go.mod h1:G0X+rEqYPWSq0dG8OMf8M446MtKytzpPjgS3HbdOJZ4=
github.com/gotk3/gotk3 v0.0.0-20181009192800-ac5a14d9e3ee h1:HYcoHcy+2YPznQwdGjly5GCVzQadCvstSnct8/UTvfY=
github.com/gotk3/gotk3 v0.0.0-20181009192800-ac5a14d9e3ee/go.mod h1:Eew3QBwAOBTrfFFDmsDE5wZWbcagBL1NUslj1GhRveo=
github.com/mattn/go-gtk v0.0.0-20180910144212-ab259656e6a4 h1:UbHlf0T8cVJTag4jydY2/RXrWWUIm9g7E+lA2x8E7So=
github.com/mattn/go-gtk v0.0.0-20180910144212-ab259656e6a4/go.mod h1:PwzwfeB5syFHXORC3MtPylVcjIoTDT/9cvkKpEndGVI=
github.com/mattn/go-pointer v0.0.0-20180825124634-49522c3f3791 h1:PfHMsLQJwoc0ccjK0sam6J0wQo4s8mOuAo2yQGw+T2U=
github.com/mattn/go-pointer v0.0.0-20180825124634-49522c3f3791/go.mod h1:2zXcozF6qYGgmsG+SeTZz3oAbFLdD3OWqnUbNvJZAlc=
github.com/robmerrell/comandante v0.0.0-20160129165710-5128ba304043 h1:fkcg3PbKfvKUQ/rUrHGV+o8OJAYGaRTldPVmyDyqpgA=
github.com/robmerrell/comandante v0.0.0-20160129165710-5128ba304043/go.mod h1:NA31tKAO20Dmaer4N/fUeRkF2KFJtPBLCO/a8ZODJz0=
golang.org/x/sys v0.0.0-20181021155630-eda9bb28ed51 h1:GNXpDwiINQORfoRpKYZBUNeIGY4giY2DonS5etRdlnE=
golang.org/x/sys v0.0.0-20181021155630-eda9bb28ed51/go.mod h1:STP8DvDyc/dI5b8T5hshtkjS+E42TnysNCUPdjciGhY=
